
Microsoft Visual Studio Solution File, Format Version 12.00
# Visual Studio Version 17
VisualStudioVersion = 17.0.31903.59
MinimumVisualStudioVersion = 10.0.40219.1
Project("{2150E333-8FDC-42A3-9474-1A3956D46DE8}") = "src", "src", "{827E0CD3-B72D-47B6-A68D-7590B98EB39B}"
EndProject
Project("{FAE04EC0-301F-11D3-BF4B-00C04F79EFBC}") = "Domain", "src\Domain\Domain.csproj", "{E7186CF6-9E08-42C9-B350-62F6DDF4544E}"
EndProject
Project("{FAE04EC0-301F-11D3-BF4B-00C04F79EFBC}") = "Infrastructure", "src\Infrastructure\Infrastructure.csproj", "{9CBAB332-5171-46AB-A791-1627AD10A5B8}"
EndProject
Project("{FAE04EC0-301F-11D3-BF4B-00C04F79EFBC}") = "WebApi", "src\WebApi\WebApi.csproj", "{EA1291F6-5533-4C79-8E41-7FE8D78A4913}"
EndProject
Global
	GlobalSection(SolutionConfigurationPlatforms) = preSolution
		Debug|Any CPU = Debug|Any CPU
		Debug|x64 = Debug|x64
		Debug|x86 = Debug|x86
		Release|Any CPU = Release|Any CPU
		Release|x64 = Release|x64
		Release|x86 = Release|x86
	EndGlobalSection
	GlobalSection(ProjectConfigurationPlatforms) = postSolution
		{E7186CF6-9E08-42C9-B350-62F6DDF4544E}.Debug|Any CPU.ActiveCfg = Debug|Any CPU
		{E7186CF6-9E08-42C9-B350-62F6DDF4544E}.Debug|Any CPU.Build.0 = Debug|Any CPU
		{E7186CF6-9E08-42C9-B350-62F6DDF4544E}.Debug|x64.ActiveCfg = Debug|Any CPU
		{E7186CF6-9E08-42C9-B350-62F6DDF4544E}.Debug|x64.Build.0 = Debug|Any CPU
		{E7186CF6-9E08-42C9-B350-62F6DDF4544E}.Debug|x86.ActiveCfg = Debug|Any CPU
		{E7186CF6-9E08-42C9-B350-62F6DDF4544E}.Debug|x86.Build.0 = Debug|Any CPU
		{E7186CF6-9E08-42C9-B350-62F6DDF4544E}.Release|Any CPU.ActiveCfg = Release|Any CPU
		{E7186CF6-9E08-42C9-B350-62F6DDF4544E}.Release|Any CPU.Build.0 = Release|Any CPU
		{E7186CF6-9E08-42C9-B350-62F6DDF4544E}.Release|x64.ActiveCfg = Release|Any CPU
		{E7186CF6-9E08-42C9-B350-62F6DDF4544E}.Release|x64.Build.0 = Release|Any CPU
		{E7186CF6-9E08-42C9-B350-62F6DDF4544E}.Release|x86.ActiveCfg = Release|Any CPU
		{E7186CF6-9E08-42C9-B350-62F6DDF4544E}.Release|x86.Build.0 = Release|Any CPU
		{9CBAB332-5171-46AB-A791-1627AD10A5B8}.Debug|Any CPU.ActiveCfg = Debug|Any CPU
		{9CBAB332-5171-46AB-A791-1627AD10A5B8}.Debug|Any CPU.Build.0 = Debug|Any CPU
		{9CBAB332-5171-46AB-A791-1627AD10A5B8}.Debug|x64.ActiveCfg = Debug|Any CPU
		{9CBAB332-5171-46AB-A791-1627AD10A5B8}.Debug|x64.Build.0 = Debug|Any CPU
		{9CBAB332-5171-46AB-A791-1627AD10A5B8}.Debug|x86.ActiveCfg = Debug|Any CPU
		{9CBAB332-5171-46AB-A791-1627AD10A5B8}.Debug|x86.Build.0 = Debug|Any CPU
		{9CBAB332-5171-46AB-A791-1627AD10A5B8}.Release|Any CPU.ActiveCfg = Release|Any CPU
		{9CBAB332-5171-46AB-A791-1627AD10A5B8}.Release|Any CPU.Build.0 = Release|Any CPU
		{9CBAB332-5171-46AB-A791-1627AD10A5B8}.Release|x64.ActiveCfg = Release|Any CPU
		{9CBAB332-5171-46AB-A791-1627AD10A5B8}.Release|x64.Build.0 = Release|Any CPU
		{9CBAB332-5171-46AB-A791-1627AD10A5B8}.Release|x86.ActiveCfg = Release|Any CPU
		{9CBAB332-5171-46AB-A791-1627AD10A5B8}.Release|x86.Build.0 = Release|Any CPU
		{EA1291F6-5533-4C79-8E41-7FE8D78A4913}.Debug|Any CPU.ActiveCfg = Debug|Any CPU
		{EA1291F6-5533-4C79-8E41-7FE8D78A4913}.Debug|Any CPU.Build.0 = Debug|Any CPU
		{EA1291F6-5533-4C79-8E41-7FE8D78A4913}.Debug|x64.ActiveCfg = Debug|Any CPU
		{EA1291F6-5533-4C79-8E41-7FE8D78A4913}.Debug|x64.Build.0 = Debug|Any CPU
		{EA1291F6-5533-4C79-8E41-7FE8D78A4913}.Debug|x86.ActiveCfg = Debug|Any CPU
		{EA1291F6-5533-4C79-8E41-7FE8D78A4913}.Debug|x86.Build.0 = Debug|Any CPU
		{EA1291F6-5533-4C79-8E41-7FE8D78A4913}.Release|Any CPU.ActiveCfg = Release|Any CPU
		{EA1291F6-5533-4C79-8E41-7FE8D78A4913}.Release|Any CPU.Build.0 = Release|Any CPU
		{EA1291F6-5533-4C79-8E41-7FE8D78A4913}.Release|x64.ActiveCfg = Release|Any CPU
		{EA1291F6-5533-4C79-8E41-7FE8D78A4913}.Release|x64.Build.0 = Release|Any CPU
		{EA1291F6-5533-4C79-8E41-7FE8D78A4913}.Release|x86.ActiveCfg = Release|Any CPU
		{EA1291F6-5533-4C79-8E41-7FE8D78A4913}.Release|x86.Build.0 = Release|Any CPU
	EndGlobalSection
	GlobalSection(SolutionProperties) = preSolution
		HideSolutionNode = FALSE
	EndGlobalSection
	GlobalSection(NestedProjects) = preSolution
		{E7186CF6-9E08-42C9-B350-62F6DDF4544E} = {827E0CD3-B72D-47B6-A68D-7590B98EB39B}
		{9CBAB332-5171-46AB-A791-1627AD10A5B8} = {827E0CD3-B72D-47B6-A68D-7590B98EB39B}
		{EA1291F6-5533-4C79-8E41-7FE8D78A4913} = {827E0CD3-B72D-47B6-A68D-7590B98EB39B}
	EndGlobalSection
EndGlobal
